
Microsoft Visual Studio Solution File, Format Version 12.00
# Visual Studio Version 17
VisualStudioVersion = 17.9.34616.47
MinimumVisualStudioVersion = 10.0.40219.1
Project("{9A19103F-16F7-4668-BE54-9A1E7A4F7556}") = "DevHabit.Api", "DevHabit.Api\DevHabit.Api.csproj", "{53D58682-CB4D-4CB4-A1B6-A444463981A9}"
EndProject
Project("{2150E333-8FDC-42A3-9474-1A3956D46DE8}") = "src", "src", "{72B4D272-94AD-4AE5-BC83-BB5195C4CD66}"
	ProjectSection(SolutionItems) = preProject
		.gitignore = .gitignore
	EndProjectSection
EndProject
Project("{2150E333-8FDC-42A3-9474-1A3956D46DE8}") = "Solution Items", "Solution Items", "{CEE078B9-7CD9-49B5-B933-A6F2FDF13C1A}"
	ProjectSection(SolutionItems) = preProject
		.editorconfig = .editorconfig
		Directory.Build.props = Directory.Build.props
		Directory.Packages.props = Directory.Packages.props
	EndProjectSection
EndProject
Project("{E53339B2-1760-4266-BCC7-CA923CBCF16C}") = "docker-compose", "docker-compose.dcproj", "{2B4BA218-C111-4BC2-BFC3-8E3DFABB7898}"
EndProject
Global
	GlobalSection(SolutionConfigurationPlatforms) = preSolution
		Debug|Any CPU = Debug|Any CPU
		Release|Any CPU = Release|Any CPU
	EndGlobalSection
	GlobalSection(ProjectConfigurationPlatforms) = postSolution
		{53D58682-CB4D-4CB4-A1B6-A444463981A9}.Debug|Any CPU.ActiveCfg = Debug|Any CPU
		{53D58682-CB4D-4CB4-A1B6-A444463981A9}.Debug|Any CPU.Build.0 = Debug|Any CPU
		{53D58682-CB4D-4CB4-A1B6-A444463981A9}.Release|Any CPU.ActiveCfg = Release|Any CPU
		{53D58682-CB4D-4CB4-A1B6-A444463981A9}.Release|Any CPU.Build.0 = Release|Any CPU
		{2B4BA218-C111-4BC2-BFC3-8E3DFABB7898}.Debug|Any CPU.ActiveCfg = Debug|Any CPU
		{2B4BA218-C111-4BC2-BFC3-8E3DFABB7898}.Debug|Any CPU.Build.0 = Debug|Any CPU
		{2B4BA218-C111-4BC2-BFC3-8E3DFABB7898}.Release|Any CPU.ActiveCfg = Release|Any CPU
		{2B4BA218-C111-4BC2-BFC3-8E3DFABB7898}.Release|Any CPU.Build.0 = Release|Any CPU
	EndGlobalSection
	GlobalSection(SolutionProperties) = preSolution
		HideSolutionNode = FALSE
	EndGlobalSection
	GlobalSection(NestedProjects) = preSolution
		{53D58682-CB4D-4CB4-A1B6-A444463981A9} = {72B4D272-94AD-4AE5-BC83-BB5195C4CD66}
	EndGlobalSection
	GlobalSection(ExtensibilityGlobals) = postSolution
		SolutionGuid = {65365066-35BA-4489-9428-AFF6B297FF04}
	EndGlobalSection
EndGlobal
